
Microsoft Visual Studio Solution File, Format Version 12.00
# Visual Studio 2017
Project("{FAE04EC0-301F-11D3-BF4B-00C04F79EFBC}") = "AnimalFarm", "AnimalFarm.csproj", "{AD5141B1-C79E-4C29-9E18-B2FCF7AD7857}"
EndProject
Project("{FAE04EC0-301F-11D3-BF4B-00C04F79EFBC}") = "AnimalFarm.Plugins", "AnimalFarm.Plugins.csproj", "{09C23CCD-EF7D-6E8A-8713-CC2D69E57BA8}"
EndProject
Project("{FAE04EC0-301F-11D3-BF4B-00C04F79EFBC}") = "AnimalFarm.Editor.Plugins", "AnimalFarm.Editor.Plugins.csproj", "{0C6A8104-D326-BEA6-C05B-2A72E6BA1F3B}"
EndProject
Project("{FAE04EC0-301F-11D3-BF4B-00C04F79EFBC}") = "AnimalFarm.Editor", "AnimalFarm.Editor.csproj", "{B5D8A257-FC45-B81E-B791-2386EE42D5AF}"
EndProject
Global
	GlobalSection(SolutionConfigurationPlatforms) = preSolution
		Debug|Any CPU = Debug|Any CPU
		Release|Any CPU = Release|Any CPU
	EndGlobalSection
	GlobalSection(ProjectConfigurationPlatforms) = postSolution
		{AD5141B1-C79E-4C29-9E18-B2FCF7AD7857}.Debug|Any CPU.ActiveCfg = Debug|Any CPU
		{AD5141B1-C79E-4C29-9E18-B2FCF7AD7857}.Debug|Any CPU.Build.0 = Debug|Any CPU
		{AD5141B1-C79E-4C29-9E18-B2FCF7AD7857}.Release|Any CPU.ActiveCfg = Release|Any CPU
		{AD5141B1-C79E-4C29-9E18-B2FCF7AD7857}.Release|Any CPU.Build.0 = Release|Any CPU
		{09C23CCD-EF7D-6E8A-8713-CC2D69E57BA8}.Debug|Any CPU.ActiveCfg = Debug|Any CPU
		{09C23CCD-EF7D-6E8A-8713-CC2D69E57BA8}.Debug|Any CPU.Build.0 = Debug|Any CPU
		{09C23CCD-EF7D-6E8A-8713-CC2D69E57BA8}.Release|Any CPU.ActiveCfg = Release|Any CPU
		{09C23CCD-EF7D-6E8A-8713-CC2D69E57BA8}.Release|Any CPU.Build.0 = Release|Any CPU
		{0C6A8104-D326-BEA6-C05B-2A72E6BA1F3B}.Debug|Any CPU.ActiveCfg = Debug|Any CPU
		{0C6A8104-D326-BEA6-C05B-2A72E6BA1F3B}.Debug|Any CPU.Build.0 = Debug|Any CPU
		{0C6A8104-D326-BEA6-C05B-2A72E6BA1F3B}.Release|Any CPU.ActiveCfg = Release|Any CPU
		{0C6A8104-D326-BEA6-C05B-2A72E6BA1F3B}.Release|Any CPU.Build.0 = Release|Any CPU
		{B5D8A257-FC45-B81E-B791-2386EE42D5AF}.Debug|Any CPU.ActiveCfg = Debug|Any CPU
		{B5D8A257-FC45-B81E-B791-2386EE42D5AF}.Debug|Any CPU.Build.0 = Debug|Any CPU
		{B5D8A257-FC45-B81E-B791-2386EE42D5AF}.Release|Any CPU.ActiveCfg = Release|Any CPU
		{B5D8A257-FC45-B81E-B791-2386EE42D5AF}.Release|Any CPU.Build.0 = Release|Any CPU
	EndGlobalSection
	GlobalSection(SolutionProperties) = preSolution
		HideSolutionNode = FALSE
	EndGlobalSection
EndGlobal
