
Microsoft Visual Studio Solution File, Format Version 12.00
# Visual Studio 2015
Project("{FAE04EC0-301F-11D3-BF4B-00C04F79EFBC}") = "AnimalFarm.CSharp", "AnimalFarm.CSharp.csproj", "{76BB9241-3FD0-D58B-1814-9049CA932468}"
EndProject
Project("{FAE04EC0-301F-11D3-BF4B-00C04F79EFBC}") = "AnimalFarm.CSharp.Plugins", "AnimalFarm.CSharp.Plugins.csproj", "{D22C04BC-B344-E6CA-4E38-C4136DB767DF}"
EndProject
Project("{FAE04EC0-301F-11D3-BF4B-00C04F79EFBC}") = "AnimalFarm.CSharp.Editor.Plugins", "AnimalFarm.CSharp.Editor.Plugins.csproj", "{125F12B0-41F3-C1CE-AF9B-9C25155580AB}"
EndProject
Project("{FAE04EC0-301F-11D3-BF4B-00C04F79EFBC}") = "AnimalFarm.CSharp.Editor", "AnimalFarm.CSharp.Editor.csproj", "{91EBE91A-2B3B-7B69-96A9-FEE548E54D7D}"
EndProject
Global
	GlobalSection(SolutionConfigurationPlatforms) = preSolution
		Debug|Any CPU = Debug|Any CPU
		Release|Any CPU = Release|Any CPU
	EndGlobalSection
	GlobalSection(ProjectConfigurationPlatforms) = postSolution
		{76BB9241-3FD0-D58B-1814-9049CA932468}.Debug|Any CPU.ActiveCfg = Debug|Any CPU
		{76BB9241-3FD0-D58B-1814-9049CA932468}.Debug|Any CPU.Build.0 = Debug|Any CPU
		{76BB9241-3FD0-D58B-1814-9049CA932468}.Release|Any CPU.ActiveCfg = Release|Any CPU
		{76BB9241-3FD0-D58B-1814-9049CA932468}.Release|Any CPU.Build.0 = Release|Any CPU
		{D22C04BC-B344-E6CA-4E38-C4136DB767DF}.Debug|Any CPU.ActiveCfg = Debug|Any CPU
		{D22C04BC-B344-E6CA-4E38-C4136DB767DF}.Debug|Any CPU.Build.0 = Debug|Any CPU
		{D22C04BC-B344-E6CA-4E38-C4136DB767DF}.Release|Any CPU.ActiveCfg = Release|Any CPU
		{D22C04BC-B344-E6CA-4E38-C4136DB767DF}.Release|Any CPU.Build.0 = Release|Any CPU
		{125F12B0-41F3-C1CE-AF9B-9C25155580AB}.Debug|Any CPU.ActiveCfg = Debug|Any CPU
		{125F12B0-41F3-C1CE-AF9B-9C25155580AB}.Debug|Any CPU.Build.0 = Debug|Any CPU
		{125F12B0-41F3-C1CE-AF9B-9C25155580AB}.Release|Any CPU.ActiveCfg = Release|Any CPU
		{125F12B0-41F3-C1CE-AF9B-9C25155580AB}.Release|Any CPU.Build.0 = Release|Any CPU
		{91EBE91A-2B3B-7B69-96A9-FEE548E54D7D}.Debug|Any CPU.ActiveCfg = Debug|Any CPU
		{91EBE91A-2B3B-7B69-96A9-FEE548E54D7D}.Debug|Any CPU.Build.0 = Debug|Any CPU
		{91EBE91A-2B3B-7B69-96A9-FEE548E54D7D}.Release|Any CPU.ActiveCfg = Release|Any CPU
		{91EBE91A-2B3B-7B69-96A9-FEE548E54D7D}.Release|Any CPU.Build.0 = Release|Any CPU
	EndGlobalSection
	GlobalSection(SolutionProperties) = preSolution
		HideSolutionNode = FALSE
	EndGlobalSection
EndGlobal
