
Microsoft Visual Studio Solution File, Format Version 12.00
# Visual Studio 2015
Project("{FAE04EC0-301F-11D3-BF4B-00C04F79EFBC}") = "Animal Farm.CSharp.Plugins", "Animal Farm.CSharp.Plugins.csproj", "{D8E3D084-EF6B-F504-41C2-FF5D15A69DE2}"
EndProject
Project("{FAE04EC0-301F-11D3-BF4B-00C04F79EFBC}") = "Animal Farm.CSharp.Editor.Plugins", "Animal Farm.CSharp.Editor.Plugins.csproj", "{16EFDEEB-734C-42E9-3880-299691C907AF}"
EndProject
Global
	GlobalSection(SolutionConfigurationPlatforms) = preSolution
		Debug|Any CPU = Debug|Any CPU
		Release|Any CPU = Release|Any CPU
	EndGlobalSection
	GlobalSection(ProjectConfigurationPlatforms) = postSolution
		{D8E3D084-EF6B-F504-41C2-FF5D15A69DE2}.Debug|Any CPU.ActiveCfg = Debug|Any CPU
		{D8E3D084-EF6B-F504-41C2-FF5D15A69DE2}.Debug|Any CPU.Build.0 = Debug|Any CPU
		{D8E3D084-EF6B-F504-41C2-FF5D15A69DE2}.Release|Any CPU.ActiveCfg = Release|Any CPU
		{D8E3D084-EF6B-F504-41C2-FF5D15A69DE2}.Release|Any CPU.Build.0 = Release|Any CPU
		{16EFDEEB-734C-42E9-3880-299691C907AF}.Debug|Any CPU.ActiveCfg = Debug|Any CPU
		{16EFDEEB-734C-42E9-3880-299691C907AF}.Debug|Any CPU.Build.0 = Debug|Any CPU
		{16EFDEEB-734C-42E9-3880-299691C907AF}.Release|Any CPU.ActiveCfg = Release|Any CPU
		{16EFDEEB-734C-42E9-3880-299691C907AF}.Release|Any CPU.Build.0 = Release|Any CPU
	EndGlobalSection
	GlobalSection(SolutionProperties) = preSolution
		HideSolutionNode = FALSE
	EndGlobalSection
EndGlobal
